// !$*UTF8*$!
{
	archiveVersion = 1;
	classes = {
	};
	objectVersion = 50;
	objects = {

/* Begin PBXBuildFile section */
		DE2F88D126DF5DA600D19C29 /* click.aif in Resources */ = {isa = PBXBuildFile; fileRef = DE2F88CF26DF5D2700D19C29 /* click.aif */; };
		DE2F88D626E1376700D19C29 /* AlertView.swift in Sources */ = {isa = PBXBuildFile; fileRef = DE2F88D526E1376700D19C29 /* AlertView.swift */; };
		DEB5A5C026DCEC4B005FBD40 /* TicTacApp.swift in Sources */ = {isa = PBXBuildFile; fileRef = DEB5A5BF26DCEC4B005FBD40 /* TicTacApp.swift */; };
		DEB5A5C226DCEC4B005FBD40 /* ContentView.swift in Sources */ = {isa = PBXBuildFile; fileRef = DEB5A5C126DCEC4B005FBD40 /* ContentView.swift */; };
		DEB5A5C426DCEC58005FBD40 /* Assets.xcassets in Resources */ = {isa = PBXBuildFile; fileRef = DEB5A5C326DCEC58005FBD40 /* Assets.xcassets */; };
		DEB5A5C726DCEC58005FBD40 /* Preview Assets.xcassets in Resources */ = {isa = PBXBuildFile; fileRef = DEB5A5C626DCEC58005FBD40 /* Preview Assets.xcassets */; };
/* End PBXBuildFile section */

/* Begin PBXFileReference section */
		DE2F88CF26DF5D2700D19C29 /* click.aif */ = {isa = PBXFileReference; lastKnownFileType = file; path = click.aif; sourceTree = "<group>"; };
		DE2F88D526E1376700D19C29 /* AlertView.swift */ = {isa = PBXFileReference; lastKnownFileType = sourcecode.swift; path = AlertView.swift; sourceTree = "<group>"; };
		DEB5A5BC26DCEC4B005FBD40 /* TicTac.app */ = {isa = PBXFileReference; explicitFileType = wrapper.application; includeInIndex = 0; path = TicTac.app; sourceTree = BUILT_PRODUCTS_DIR; };
		DEB5A5BF26DCEC4B005FBD40 /* TicTacApp.swift */ = {isa = PBXFileReference; lastKnownFileType = sourcecode.swift; path = TicTacApp.swift; sourceTree = "<group>"; };
		DEB5A5C126DCEC4B005FBD40 /* ContentView.swift */ = {isa = PBXFileReference; lastKnownFileType = sourcecode.swift; path = ContentView.swift; sourceTree = "<group>"; };
		DEB5A5C326DCEC58005FBD40 /* Assets.xcassets */ = {isa = PBXFileReference; lastKnownFileType = folder.assetcatalog; path = Assets.xcassets; sourceTree = "<group>"; };
		DEB5A5C626DCEC58005FBD40 /* Preview Assets.xcassets */ = {isa = PBXFileReference; lastKnownFileType = folder.assetcatalog; path = "Preview Assets.xcassets"; sourceTree = "<group>"; };
		DEB5A5C826DCEC58005FBD40 /* Info.plist */ = {isa = PBXFileReference; lastKnownFileType = text.plist.xml; path = Info.plist; sourceTree = "<group>"; };
/* End PBXFileReference section */

/* Begin PBXFrameworksBuildPhase section */
		DEB5A5B926DCEC4B005FBD40 /* Frameworks */ = {
			isa = PBXFrameworksBuildPhase;
			buildActionMask = 2147483647;
			files = (
			);
			runOnlyForDeploymentPostprocessing = 0;
		};
/* End PBXFrameworksBuildPhase section */

/* Begin PBXGroup section */
		DE2F88D326DF63E800D19C29 /* Sounds */ = {
			isa = PBXGroup;
			children = (
				DE2F88CF26DF5D2700D19C29 /* click.aif */,
			);
			path = Sounds;
			sourceTree = "<group>";
		};
		DEB5A5B326DCEC4B005FBD40 = {
			isa = PBXGroup;
			children = (
				DEB5A5BE26DCEC4B005FBD40 /* TicTac */,
				DEB5A5BD26DCEC4B005FBD40 /* Products */,
			);
			sourceTree = "<group>";
		};
		DEB5A5BD26DCEC4B005FBD40 /* Products */ = {
			isa = PBXGroup;
			children = (
				DEB5A5BC26DCEC4B005FBD40 /* TicTac.app */,
			);
			name = Products;
			sourceTree = "<group>";
		};
		DEB5A5BE26DCEC4B005FBD40 /* TicTac */ = {
			isa = PBXGroup;
			children = (
				DE2F88D326DF63E800D19C29 /* Sounds */,
				DEB5A5BF26DCEC4B005FBD40 /* TicTacApp.swift */,
				DEB5A5C126DCEC4B005FBD40 /* ContentView.swift */,
				DEB5A5C326DCEC58005FBD40 /* Assets.xcassets */,
				DEB5A5C826DCEC58005FBD40 /* Info.plist */,
				DEB5A5C526DCEC58005FBD40 /* Preview Content */,
				DE2F88D526E1376700D19C29 /* AlertView.swift */,
			);
			path = TicTac;
			sourceTree = "<group>";
		};
		DEB5A5C526DCEC58005FBD40 /* Preview Content */ = {
			isa = PBXGroup;
			children = (
				DEB5A5C626DCEC58005FBD40 /* Preview Assets.xcassets */,
			);
			path = "Preview Content";
			sourceTree = "<group>";
		};
/* End PBXGroup section */

/* Begin PBXNativeTarget section */
		DEB5A5BB26DCEC4B005FBD40 /* TicTac */ = {
			isa = PBXNativeTarget;
			buildConfigurationList = DEB5A5CB26DCEC58005FBD40 /* Build configuration list for PBXNativeTarget "TicTac" */;
			buildPhases = (
				DEB5A5B826DCEC4B005FBD40 /* Sources */,
				DEB5A5B926DCEC4B005FBD40 /* Frameworks */,
				DEB5A5BA26DCEC4B005FBD40 /* Resources */,
			);
			buildRules = (
			);
			dependencies = (
			);
			name = TicTac;
			productName = TicTac;
			productReference = DEB5A5BC26DCEC4B005FBD40 /* TicTac.app */;
			productType = "com.apple.product-type.application";
		};
/* End PBXNativeTarget section */

/* Begin PBXProject section */
		DEB5A5B426DCEC4B005FBD40 /* Project object */ = {
			isa = PBXProject;
			attributes = {
				LastSwiftUpdateCheck = 1240;
				LastUpgradeCheck = 1240;
				TargetAttributes = {
					DEB5A5BB26DCEC4B005FBD40 = {
						CreatedOnToolsVersion = 12.4;
					};
				};
			};
			buildConfigurationList = DEB5A5B726DCEC4B005FBD40 /* Build configuration list for PBXProject "TicTac" */;
			compatibilityVersion = "Xcode 9.3";
			developmentRegion = en;
			hasScannedForEncodings = 0;
			knownRegions = (
				en,
				Base,
			);
			mainGroup = DEB5A5B326DCEC4B005FBD40;
			productRefGroup = DEB5A5BD26DCEC4B005FBD40 /* Products */;
			projectDirPath = "";
			projectRoot = "";
			targets = (
				DEB5A5BB26DCEC4B005FBD40 /* TicTac */,
			);
		};
/* End PBXProject section */

/* Begin PBXResourcesBuildPhase section */
		DEB5A5BA26DCEC4B005FBD40 /* Resources */ = {
			isa = PBXResourcesBuildPhase;
			buildActionMask = 2147483647;
			files = (
				DE2F88D126DF5DA600D19C29 /* click.aif in Resources */,
				DEB5A5C726DCEC58005FBD40 /* Preview Assets.xcassets in Resources */,
				DEB5A5C426DCEC58005FBD40 /* Assets.xcassets in Resources */,
			);
			runOnlyForDeploymentPostprocessing = 0;
		};
/* End PBXResourcesBuildPhase section */

/* Begin PBXSourcesBuildPhase section */
		DEB5A5B826DCEC4B005FBD40 /* Sources */ = {
			isa = PBXSourcesBuildPhase;
			buildActionMask = 2147483647;
			files = (
				DEB5A5C226DCEC4B005FBD40 /* ContentView.swift in Sources */,
				DEB5A5C026DCEC4B005FBD40 /* TicTacApp.swift in Sources */,
				DE2F88D626E1376700D19C29 /* AlertView.swift in Sources */,
			);
			runOnlyForDeploymentPostprocessing = 0;
		};
/* End PBXSourcesBuildPhase section */

/* Begin XCBuildConfiguration section */
		DEB5A5C926DCEC58005FBD40 /* Debug */ = {
			isa = XCBuildConfiguration;
			buildSettings = {
				ALWAYS_SEARCH_USER_PATHS = NO;
				CLANG_ANALYZER_NONNULL = YES;
				CLANG_ANALYZER_NUMBER_OBJECT_CONVERSION = YES_AGGRESSIVE;
				CLANG_CXX_LANGUAGE_STANDARD = "gnu++14";
				CLANG_CXX_LIBRARY = "libc++";
				CLANG_ENABLE_MODULES = YES;
				CLANG_ENABLE_OBJC_ARC = YES;
				CLANG_ENABLE_OBJC_WEAK = YES;
				CLANG_WARN_BLOCK_CAPTURE_AUTORELEASING = YES;
				CLANG_WARN_BOOL_CONVERSION = YES;
				CLANG_WARN_COMMA = YES;
				CLANG_WARN_CONSTANT_CONVERSION = YES;
				CLANG_WARN_DEPRECATED_OBJC_IMPLEMENTATIONS = YES;
				CLANG_WARN_DIRECT_OBJC_ISA_USAGE = YES_ERROR;
				CLANG_WARN_DOCUMENTATION_COMMENTS = YES;
				CLANG_WARN_EMPTY_BODY = YES;
				CLANG_WARN_ENUM_CONVERSION = YES;
				CLANG_WARN_INFINITE_RECURSION = YES;
				CLANG_WARN_INT_CONVERSION = YES;
				CLANG_WARN_NON_LITERAL_NULL_CONVERSION = YES;
				CLANG_WARN_OBJC_IMPLICIT_RETAIN_SELF = YES;
				CLANG_WARN_OBJC_LITERAL_CONVERSION = YES;
				CLANG_WARN_OBJC_ROOT_CLASS = YES_ERROR;
				CLANG_WARN_QUOTED_INCLUDE_IN_FRAMEWORK_HEADER = YES;
				CLANG_WARN_RANGE_LOOP_ANALYSIS = YES;
				CLANG_WARN_STRICT_PROTOTYPES = YES;
				CLANG_WARN_SUSPICIOUS_MOVE = YES;
				CLANG_WARN_UNGUARDED_AVAILABILITY = YES_AGGRESSIVE;
				CLANG_WARN_UNREACHABLE_CODE = YES;
				CLANG_WARN__DUPLICATE_METHOD_MATCH = YES;
				COPY_PHASE_STRIP = NO;
				DEBUG_INFORMATION_FORMAT = dwarf;
				ENABLE_STRICT_OBJC_MSGSEND = YES;
				ENABLE_TESTABILITY = YES;
				GCC_C_LANGUAGE_STANDARD = gnu11;
				GCC_DYNAMIC_NO_PIC = NO;
				GCC_NO_COMMON_BLOCKS = YES;
				GCC_OPTIMIZATION_LEVEL = 0;
				GCC_PREPROCESSOR_DEFINITIONS = (
					"DEBUG=1",
					"$(inherited)",
				);
				GCC_WARN_64_TO_32_BIT_CONVERSION = YES;
				GCC_WARN_ABOUT_RETURN_TYPE = YES_ERROR;
				GCC_WARN_UNDECLARED_SELECTOR = YES;
				GCC_WARN_UNINITIALIZED_AUTOS = YES_AGGRESSIVE;
				GCC_WARN_UNUSED_FUNCTION = YES;
				GCC_WARN_UNUSED_VARIABLE = YES;
				IPHONEOS_DEPLOYMENT_TARGET = 14.4;
				MTL_ENABLE_DEBUG_INFO = INCLUDE_SOURCE;
				MTL_FAST_MATH = YES;
				ONLY_ACTIVE_ARCH = YES;
				SDKROOT = iphoneos;
				SWIFT_ACTIVE_COMPILATION_CONDITIONS = DEBUG;
				SWIFT_OPTIMIZATION_LEVEL = "-Onone";
			};
			name = Debug;
		};
		DEB5A5CA26DCEC58005FBD40 /* Release */ = {
			isa = XCBuildConfiguration;
			buildSettings = {
				ALWAYS_SEARCH_USER_PATHS = NO;
				CLANG_ANALYZER_NONNULL = YES;
				CLANG_ANALYZER_NUMBER_OBJECT_CONVERSION = YES_AGGRESSIVE;
				CLANG_CXX_LANGUAGE_STANDARD = "gnu++14";
				CLANG_CXX_LIBRARY = "libc++";
				CLANG_ENABLE_MODULES = YES;
				CLANG_ENABLE_OBJC_ARC = YES;
				CLANG_ENABLE_OBJC_WEAK = YES;
				CLANG_WARN_BLOCK_CAPTURE_AUTORELEASING = YES;
				CLANG_WARN_BOOL_CONVERSION = YES;
				CLANG_WARN_COMMA = YES;
				CLANG_WARN_CONSTANT_CONVERSION = YES;
				CLANG_WARN_DEPRECATED_OBJC_IMPLEMENTATIONS = YES;
				CLANG_WARN_DIRECT_OBJC_ISA_USAGE = YES_ERROR;
				CLANG_WARN_DOCUMENTATION_COMMENTS = YES;
				CLANG_WARN_EMPTY_BODY = YES;
				CLANG_WARN_ENUM_CONVERSION = YES;
				CLANG_WARN_INFINITE_RECURSION = YES;
				CLANG_WARN_INT_CONVERSION = YES;
				CLANG_WARN_NON_LITERAL_NULL_CONVERSION = YES;
				CLANG_WARN_OBJC_IMPLICIT_RETAIN_SELF = YES;
				CLANG_WARN_OBJC_LITERAL_CONVERSION = YES;
				CLANG_WARN_OBJC_ROOT_CLASS = YES_ERROR;
				CLANG_WARN_QUOTED_INCLUDE_IN_FRAMEWORK_HEADER = YES;
				CLANG_WARN_RANGE_LOOP_ANALYSIS = YES;
				CLANG_WARN_STRICT_PROTOTYPES = YES;
				CLANG_WARN_SUSPICIOUS_MOVE = YES;
				CLANG_WARN_UNGUARDED_AVAILABILITY = YES_AGGRESSIVE;
				CLANG_WARN_UNREACHABLE_CODE = YES;
				CLANG_WARN__DUPLICATE_METHOD_MATCH = YES;
				COPY_PHASE_STRIP = NO;
				DEBUG_INFORMATION_FORMAT = "dwarf-with-dsym";
				ENABLE_NS_ASSERTIONS = NO;
				ENABLE_STRICT_OBJC_MSGSEND = YES;
				GCC_C_LANGUAGE_STANDARD = gnu11;
				GCC_NO_COMMON_BLOCKS = YES;
				GCC_WARN_64_TO_32_BIT_CONVERSION = YES;
				GCC_WARN_ABOUT_RETURN_TYPE = YES_ERROR;
				GCC_WARN_UNDECLARED_SELECTOR = YES;
				GCC_WARN_UNINITIALIZED_AUTOS = YES_AGGRESSIVE;
				GCC_WARN_UNUSED_FUNCTION = YES;
				GCC_WARN_UNUSED_VARIABLE = YES;
				IPHONEOS_DEPLOYMENT_TARGET = 14.4;
				MTL_ENABLE_DEBUG_INFO = NO;
				MTL_FAST_MATH = YES;
				SDKROOT = iphoneos;
				SWIFT_COMPILATION_MODE = wholemodule;
				SWIFT_OPTIMIZATION_LEVEL = "-O";
				VALIDATE_PRODUCT = YES;
			};
			name = Release;
		};
		DEB5A5CC26DCEC58005FBD40 /* Debug */ = {
			isa = XCBuildConfiguration;
			buildSettings = {
				ASSETCATALOG_COMPILER_APPICON_NAME = AppIcon;
				ASSETCATALOG_COMPILER_GLOBAL_ACCENT_COLOR_NAME = AccentColor;
				CODE_SIGN_STYLE = Automatic;
				DEVELOPMENT_ASSET_PATHS = "\"TicTac/Preview Content\"";
				DEVELOPMENT_TEAM = 7578P3BUAP;
				ENABLE_PREVIEWS = YES;
				INFOPLIST_FILE = TicTac/Info.plist;
				IPHONEOS_DEPLOYMENT_TARGET = 14.0;
				LD_RUNPATH_SEARCH_PATHS = (
					"$(inherited)",
					"@executable_path/Frameworks",
				);
				PRODUCT_BUNDLE_IDENTIFIER = "com.blue-fez.TicTac";
				PRODUCT_NAME = "$(TARGET_NAME)";
				SWIFT_VERSION = 5.0;
				TARGETED_DEVICE_FAMILY = "1,2";
			};
			name = Debug;
		};
		DEB5A5CD26DCEC58005FBD40 /* Release */ = {
			isa = XCBuildConfiguration;
			buildSettings = {
				ASSETCATALOG_COMPILER_APPICON_NAME = AppIcon;
				ASSETCATALOG_COMPILER_GLOBAL_ACCENT_COLOR_NAME = AccentColor;
				CODE_SIGN_STYLE = Automatic;
				DEVELOPMENT_ASSET_PATHS = "\"TicTac/Preview Content\"";
				DEVELOPMENT_TEAM = 7578P3BUAP;
				ENABLE_PREVIEWS = YES;
				INFOPLIST_FILE = TicTac/Info.plist;
				IPHONEOS_DEPLOYMENT_TARGET = 14.0;
				LD_RUNPATH_SEARCH_PATHS = (
					"$(inherited)",
					"@executable_path/Frameworks",
				);
				PRODUCT_BUNDLE_IDENTIFIER = "com.blue-fez.TicTac";
				PRODUCT_NAME = "$(TARGET_NAME)";
				SWIFT_VERSION = 5.0;
				TARGETED_DEVICE_FAMILY = "1,2";
			};
			name = Release;
		};
/* End XCBuildConfiguration section */

/* Begin XCConfigurationList section */
		DEB5A5B726DCEC4B005FBD40 /* Build configuration list for PBXProject "TicTac" */ = {
			isa = XCConfigurationList;
			buildConfigurations = (
				DEB5A5C926DCEC58005FBD40 /* Debug */,
				DEB5A5CA26DCEC58005FBD40 /* Release */,
			);
			defaultConfigurationIsVisible = 0;
			defaultConfigurationName = Release;
		};
		DEB5A5CB26DCEC58005FBD40 /* Build configuration list for PBXNativeTarget "TicTac" */ = {
			isa = XCConfigurationList;
			buildConfigurations = (
				DEB5A5CC26DCEC58005FBD40 /* Debug */,
				DEB5A5CD26DCEC58005FBD40 /* Release */,
			);
			defaultConfigurationIsVisible = 0;
			defaultConfigurationName = Release;
		};
/* End XCConfigurationList section */
	};
	rootObject = DEB5A5B426DCEC4B005FBD40 /* Project object */;
}
